
Microsoft Visual Studio Solution File, Format Version 12.00
# Visual Studio Version 16
VisualStudioVersion = 16.0.32228.343
MinimumVisualStudioVersion = 10.0.40219.1
Project("{FAE04EC0-301F-11D3-BF4B-00C04F79EFBC}") = "Match", "Match\Match.csproj", "{F6656170-923A-42ED-A0B7-59A9692173C5}"
EndProject
Global
	GlobalSection(SolutionConfigurationPlatforms) = preSolution
		Debug|Any CPU = Debug|Any CPU
		Release|Any CPU = Release|Any CPU
	EndGlobalSection
	GlobalSection(ProjectConfigurationPlatforms) = postSolution
		{F6656170-923A-42ED-A0B7-59A9692173C5}.Debug|Any CPU.ActiveCfg = Debug|Any CPU
		{F6656170-923A-42ED-A0B7-59A9692173C5}.Debug|Any CPU.Build.0 = Debug|Any CPU
		{F6656170-923A-42ED-A0B7-59A9692173C5}.Release|Any CPU.ActiveCfg = Release|Any CPU
		{F6656170-923A-42ED-A0B7-59A9692173C5}.Release|Any CPU.Build.0 = Release|Any CPU
	EndGlobalSection
	GlobalSection(SolutionProperties) = preSolution
		HideSolutionNode = FALSE
	EndGlobalSection
	GlobalSection(ExtensibilityGlobals) = postSolution
		SolutionGuid = {090D7576-B8A4-4A8F-B9F3-FCD4A860C5A2}
	EndGlobalSection
EndGlobal
